// !$*UTF8*$!
{
	archiveVersion = 1;
	classes = {
	};
	objectVersion = 56;
	objects = {

/* Begin PBXBuildFile section */
		DBEBA11F2BB432C70003A6E0 /* AppDelegate.swift in Sources */ = {isa = PBXBuildFile; fileRef = DBEBA11E2BB432C70003A6E0 /* AppDelegate.swift */; };
		DBEBA1212BB432C70003A6E0 /* SceneDelegate.swift in Sources */ = {isa = PBXBuildFile; fileRef = DBEBA1202BB432C70003A6E0 /* SceneDelegate.swift */; };
		DBEBA1282BB432C80003A6E0 /* Assets.xcassets in Resources */ = {isa = PBXBuildFile; fileRef = DBEBA1272BB432C80003A6E0 /* Assets.xcassets */; };
		DBEBA12B2BB432C80003A6E0 /* Base in Resources */ = {isa = PBXBuildFile; fileRef = DBEBA12A2BB432C80003A6E0 /* Base */; };
		DBEBA1342BB437D80003A6E0 /* SimplePickerViewController.swift in Sources */ = {isa = PBXBuildFile; fileRef = DBEBA1332BB437D80003A6E0 /* SimplePickerViewController.swift */; };
		DBEBA1372BB439170003A6E0 /* RxCocoa in Frameworks */ = {isa = PBXBuildFile; productRef = DBEBA1362BB439170003A6E0 /* RxCocoa */; };
		DBEBA1392BB439170003A6E0 /* RxSwift in Frameworks */ = {isa = PBXBuildFile; productRef = DBEBA1382BB439170003A6E0 /* RxSwift */; };
		DBEBA13C2BB4392B0003A6E0 /* SnapKit in Frameworks */ = {isa = PBXBuildFile; productRef = DBEBA13B2BB4392B0003A6E0 /* SnapKit */; };
		DBEBA13F2BB439A50003A6E0 /* Then in Frameworks */ = {isa = PBXBuildFile; productRef = DBEBA13E2BB439A50003A6E0 /* Then */; };
		DBEBA1452BB43B0E0003A6E0 /* BaseView.swift in Sources */ = {isa = PBXBuildFile; fileRef = DBEBA1412BB43B0E0003A6E0 /* BaseView.swift */; };
		DBEBA1482BB43B530003A6E0 /* BaseViewController.swift in Sources */ = {isa = PBXBuildFile; fileRef = DBEBA1472BB43B530003A6E0 /* BaseViewController.swift */; };
		DBEBA14D2BB440A30003A6E0 /* SimpleNumbersViewController.swift in Sources */ = {isa = PBXBuildFile; fileRef = DBEBA14C2BB440A30003A6E0 /* SimpleNumbersViewController.swift */; };
/* End PBXBuildFile section */

/* Begin PBXFileReference section */
		DBEBA11B2BB432C70003A6E0 /* RxSwiftPractice.app */ = {isa = PBXFileReference; explicitFileType = wrapper.application; includeInIndex = 0; path = RxSwiftPractice.app; sourceTree = BUILT_PRODUCTS_DIR; };
		DBEBA11E2BB432C70003A6E0 /* AppDelegate.swift */ = {isa = PBXFileReference; lastKnownFileType = sourcecode.swift; path = AppDelegate.swift; sourceTree = "<group>"; };
		DBEBA1202BB432C70003A6E0 /* SceneDelegate.swift */ = {isa = PBXFileReference; lastKnownFileType = sourcecode.swift; path = SceneDelegate.swift; sourceTree = "<group>"; };
		DBEBA1272BB432C80003A6E0 /* Assets.xcassets */ = {isa = PBXFileReference; lastKnownFileType = folder.assetcatalog; path = Assets.xcassets; sourceTree = "<group>"; };
		DBEBA12A2BB432C80003A6E0 /* Base */ = {isa = PBXFileReference; lastKnownFileType = file.storyboard; name = Base; path = Base.lproj/LaunchScreen.storyboard; sourceTree = "<group>"; };
		DBEBA12C2BB432C80003A6E0 /* Info.plist */ = {isa = PBXFileReference; lastKnownFileType = text.plist.xml; path = Info.plist; sourceTree = "<group>"; };
		DBEBA1332BB437D80003A6E0 /* SimplePickerViewController.swift */ = {isa = PBXFileReference; lastKnownFileType = sourcecode.swift; path = SimplePickerViewController.swift; sourceTree = "<group>"; };
		DBEBA1412BB43B0E0003A6E0 /* BaseView.swift */ = {isa = PBXFileReference; fileEncoding = 4; lastKnownFileType = sourcecode.swift; path = BaseView.swift; sourceTree = "<group>"; };
		DBEBA1472BB43B530003A6E0 /* BaseViewController.swift */ = {isa = PBXFileReference; fileEncoding = 4; lastKnownFileType = sourcecode.swift; path = BaseViewController.swift; sourceTree = "<group>"; };
		DBEBA14C2BB440A30003A6E0 /* SimpleNumbersViewController.swift */ = {isa = PBXFileReference; lastKnownFileType = sourcecode.swift; path = SimpleNumbersViewController.swift; sourceTree = "<group>"; };
/* End PBXFileReference section */

/* Begin PBXFrameworksBuildPhase section */
		DBEBA1182BB432C70003A6E0 /* Frameworks */ = {
			isa = PBXFrameworksBuildPhase;
			buildActionMask = 2147483647;
			files = (
				DBEBA13C2BB4392B0003A6E0 /* SnapKit in Frameworks */,
				DBEBA1392BB439170003A6E0 /* RxSwift in Frameworks */,
				DBEBA1372BB439170003A6E0 /* RxCocoa in Frameworks */,
				DBEBA13F2BB439A50003A6E0 /* Then in Frameworks */,
			);
			runOnlyForDeploymentPostprocessing = 0;
		};
/* End PBXFrameworksBuildPhase section */

/* Begin PBXGroup section */
		DBEBA1122BB432C70003A6E0 = {
			isa = PBXGroup;
			children = (
				DBEBA11D2BB432C70003A6E0 /* RxSwiftPractice */,
				DBEBA11C2BB432C70003A6E0 /* Products */,
			);
			sourceTree = "<group>";
		};
		DBEBA11C2BB432C70003A6E0 /* Products */ = {
			isa = PBXGroup;
			children = (
				DBEBA11B2BB432C70003A6E0 /* RxSwiftPractice.app */,
			);
			name = Products;
			sourceTree = "<group>";
		};
		DBEBA11D2BB432C70003A6E0 /* RxSwiftPractice */ = {
			isa = PBXGroup;
			children = (
				DBEBA1492BB440750003A6E0 /* Presentation */,
				DBEBA1432BB43B0E0003A6E0 /* Base */,
				DBEBA11E2BB432C70003A6E0 /* AppDelegate.swift */,
				DBEBA1202BB432C70003A6E0 /* SceneDelegate.swift */,
				DBEBA1272BB432C80003A6E0 /* Assets.xcassets */,
				DBEBA1292BB432C80003A6E0 /* LaunchScreen.storyboard */,
				DBEBA12C2BB432C80003A6E0 /* Info.plist */,
			);
			path = RxSwiftPractice;
			sourceTree = "<group>";
		};
		DBEBA1432BB43B0E0003A6E0 /* Base */ = {
			isa = PBXGroup;
			children = (
				DBEBA1412BB43B0E0003A6E0 /* BaseView.swift */,
				DBEBA1472BB43B530003A6E0 /* BaseViewController.swift */,
			);
			path = Base;
			sourceTree = "<group>";
		};
		DBEBA1492BB440750003A6E0 /* Presentation */ = {
			isa = PBXGroup;
			children = (
				DBEBA14B2BB440880003A6E0 /* ViewModel */,
				DBEBA14A2BB440830003A6E0 /* View */,
			);
			path = Presentation;
			sourceTree = "<group>";
		};
		DBEBA14A2BB440830003A6E0 /* View */ = {
			isa = PBXGroup;
			children = (
				DBEBA1332BB437D80003A6E0 /* SimplePickerViewController.swift */,
				DBEBA14C2BB440A30003A6E0 /* SimpleNumbersViewController.swift */,
			);
			path = View;
			sourceTree = "<group>";
		};
		DBEBA14B2BB440880003A6E0 /* ViewModel */ = {
			isa = PBXGroup;
			children = (
			);
			path = ViewModel;
			sourceTree = "<group>";
		};
/* End PBXGroup section */

/* Begin PBXNativeTarget section */
		DBEBA11A2BB432C70003A6E0 /* RxSwiftPractice */ = {
			isa = PBXNativeTarget;
			buildConfigurationList = DBEBA12F2BB432C80003A6E0 /* Build configuration list for PBXNativeTarget "RxSwiftPractice" */;
			buildPhases = (
				DBEBA1172BB432C70003A6E0 /* Sources */,
				DBEBA1182BB432C70003A6E0 /* Frameworks */,
				DBEBA1192BB432C70003A6E0 /* Resources */,
			);
			buildRules = (
			);
			dependencies = (
			);
			name = RxSwiftPractice;
			packageProductDependencies = (
				DBEBA1362BB439170003A6E0 /* RxCocoa */,
				DBEBA1382BB439170003A6E0 /* RxSwift */,
				DBEBA13B2BB4392B0003A6E0 /* SnapKit */,
				DBEBA13E2BB439A50003A6E0 /* Then */,
			);
			productName = RxSwiftPractice;
			productReference = DBEBA11B2BB432C70003A6E0 /* RxSwiftPractice.app */;
			productType = "com.apple.product-type.application";
		};
/* End PBXNativeTarget section */

/* Begin PBXProject section */
		DBEBA1132BB432C70003A6E0 /* Project object */ = {
			isa = PBXProject;
			attributes = {
				BuildIndependentTargetsInParallel = 1;
				LastSwiftUpdateCheck = 1530;
				LastUpgradeCheck = 1530;
				TargetAttributes = {
					DBEBA11A2BB432C70003A6E0 = {
						CreatedOnToolsVersion = 15.3;
					};
				};
			};
			buildConfigurationList = DBEBA1162BB432C70003A6E0 /* Build configuration list for PBXProject "RxSwiftPractice" */;
			compatibilityVersion = "Xcode 14.0";
			developmentRegion = en;
			hasScannedForEncodings = 0;
			knownRegions = (
				en,
				Base,
			);
			mainGroup = DBEBA1122BB432C70003A6E0;
			packageReferences = (
				DBEBA1352BB439170003A6E0 /* XCRemoteSwiftPackageReference "RxSwift" */,
				DBEBA13A2BB4392B0003A6E0 /* XCRemoteSwiftPackageReference "SnapKit" */,
				DBEBA13D2BB439A50003A6E0 /* XCRemoteSwiftPackageReference "Then" */,
			);
			productRefGroup = DBEBA11C2BB432C70003A6E0 /* Products */;
			projectDirPath = "";
			projectRoot = "";
			targets = (
				DBEBA11A2BB432C70003A6E0 /* RxSwiftPractice */,
			);
		};
/* End PBXProject section */

/* Begin PBXResourcesBuildPhase section */
		DBEBA1192BB432C70003A6E0 /* Resources */ = {
			isa = PBXResourcesBuildPhase;
			buildActionMask = 2147483647;
			files = (
				DBEBA1282BB432C80003A6E0 /* Assets.xcassets in Resources */,
				DBEBA12B2BB432C80003A6E0 /* Base in Resources */,
			);
			runOnlyForDeploymentPostprocessing = 0;
		};
/* End PBXResourcesBuildPhase section */

/* Begin PBXSourcesBuildPhase section */
		DBEBA1172BB432C70003A6E0 /* Sources */ = {
			isa = PBXSourcesBuildPhase;
			buildActionMask = 2147483647;
			files = (
				DBEBA1342BB437D80003A6E0 /* SimplePickerViewController.swift in Sources */,
				DBEBA1452BB43B0E0003A6E0 /* BaseView.swift in Sources */,
				DBEBA11F2BB432C70003A6E0 /* AppDelegate.swift in Sources */,
				DBEBA14D2BB440A30003A6E0 /* SimpleNumbersViewController.swift in Sources */,
				DBEBA1212BB432C70003A6E0 /* SceneDelegate.swift in Sources */,
				DBEBA1482BB43B530003A6E0 /* BaseViewController.swift in Sources */,
			);
			runOnlyForDeploymentPostprocessing = 0;
		};
/* End PBXSourcesBuildPhase section */

/* Begin PBXVariantGroup section */
		DBEBA1292BB432C80003A6E0 /* LaunchScreen.storyboard */ = {
			isa = PBXVariantGroup;
			children = (
				DBEBA12A2BB432C80003A6E0 /* Base */,
			);
			name = LaunchScreen.storyboard;
			sourceTree = "<group>";
		};
/* End PBXVariantGroup section */

/* Begin XCBuildConfiguration section */
		DBEBA12D2BB432C80003A6E0 /* Debug */ = {
			isa = XCBuildConfiguration;
			buildSettings = {
				ALWAYS_SEARCH_USER_PATHS = NO;
				ASSETCATALOG_COMPILER_GENERATE_SWIFT_ASSET_SYMBOL_EXTENSIONS = YES;
				CLANG_ANALYZER_NONNULL = YES;
				CLANG_ANALYZER_NUMBER_OBJECT_CONVERSION = YES_AGGRESSIVE;
				CLANG_CXX_LANGUAGE_STANDARD = "gnu++20";
				CLANG_ENABLE_MODULES = YES;
				CLANG_ENABLE_OBJC_ARC = YES;
				CLANG_ENABLE_OBJC_WEAK = YES;
				CLANG_WARN_BLOCK_CAPTURE_AUTORELEASING = YES;
				CLANG_WARN_BOOL_CONVERSION = YES;
				CLANG_WARN_COMMA = YES;
				CLANG_WARN_CONSTANT_CONVERSION = YES;
				CLANG_WARN_DEPRECATED_OBJC_IMPLEMENTATIONS = YES;
				CLANG_WARN_DIRECT_OBJC_ISA_USAGE = YES_ERROR;
				CLANG_WARN_DOCUMENTATION_COMMENTS = YES;
				CLANG_WARN_EMPTY_BODY = YES;
				CLANG_WARN_ENUM_CONVERSION = YES;
				CLANG_WARN_INFINITE_RECURSION = YES;
				CLANG_WARN_INT_CONVERSION = YES;
				CLANG_WARN_NON_LITERAL_NULL_CONVERSION = YES;
				CLANG_WARN_OBJC_IMPLICIT_RETAIN_SELF = YES;
				CLANG_WARN_OBJC_LITERAL_CONVERSION = YES;
				CLANG_WARN_OBJC_ROOT_CLASS = YES_ERROR;
				CLANG_WARN_QUOTED_INCLUDE_IN_FRAMEWORK_HEADER = YES;
				CLANG_WARN_RANGE_LOOP_ANALYSIS = YES;
				CLANG_WARN_STRICT_PROTOTYPES = YES;
				CLANG_WARN_SUSPICIOUS_MOVE = YES;
				CLANG_WARN_UNGUARDED_AVAILABILITY = YES_AGGRESSIVE;
				CLANG_WARN_UNREACHABLE_CODE = YES;
				CLANG_WARN__DUPLICATE_METHOD_MATCH = YES;
				COPY_PHASE_STRIP = NO;
				DEBUG_INFORMATION_FORMAT = dwarf;
				ENABLE_STRICT_OBJC_MSGSEND = YES;
				ENABLE_TESTABILITY = YES;
				ENABLE_USER_SCRIPT_SANDBOXING = YES;
				GCC_C_LANGUAGE_STANDARD = gnu17;
				GCC_DYNAMIC_NO_PIC = NO;
				GCC_NO_COMMON_BLOCKS = YES;
				GCC_OPTIMIZATION_LEVEL = 0;
				GCC_PREPROCESSOR_DEFINITIONS = (
					"DEBUG=1",
					"$(inherited)",
				);
				GCC_WARN_64_TO_32_BIT_CONVERSION = YES;
				GCC_WARN_ABOUT_RETURN_TYPE = YES_ERROR;
				GCC_WARN_UNDECLARED_SELECTOR = YES;
				GCC_WARN_UNINITIALIZED_AUTOS = YES_AGGRESSIVE;
				GCC_WARN_UNUSED_FUNCTION = YES;
				GCC_WARN_UNUSED_VARIABLE = YES;
				IPHONEOS_DEPLOYMENT_TARGET = 17.4;
				LOCALIZATION_PREFERS_STRING_CATALOGS = YES;
				MTL_ENABLE_DEBUG_INFO = INCLUDE_SOURCE;
				MTL_FAST_MATH = YES;
				ONLY_ACTIVE_ARCH = YES;
				SDKROOT = iphoneos;
				SWIFT_ACTIVE_COMPILATION_CONDITIONS = "DEBUG $(inherited)";
				SWIFT_OPTIMIZATION_LEVEL = "-Onone";
			};
			name = Debug;
		};
		DBEBA12E2BB432C80003A6E0 /* Release */ = {
			isa = XCBuildConfiguration;
			buildSettings = {
				ALWAYS_SEARCH_USER_PATHS = NO;
				ASSETCATALOG_COMPILER_GENERATE_SWIFT_ASSET_SYMBOL_EXTENSIONS = YES;
				CLANG_ANALYZER_NONNULL = YES;
				CLANG_ANALYZER_NUMBER_OBJECT_CONVERSION = YES_AGGRESSIVE;
				CLANG_CXX_LANGUAGE_STANDARD = "gnu++20";
				CLANG_ENABLE_MODULES = YES;
				CLANG_ENABLE_OBJC_ARC = YES;
				CLANG_ENABLE_OBJC_WEAK = YES;
				CLANG_WARN_BLOCK_CAPTURE_AUTORELEASING = YES;
				CLANG_WARN_BOOL_CONVERSION = YES;
				CLANG_WARN_COMMA = YES;
				CLANG_WARN_CONSTANT_CONVERSION = YES;
				CLANG_WARN_DEPRECATED_OBJC_IMPLEMENTATIONS = YES;
				CLANG_WARN_DIRECT_OBJC_ISA_USAGE = YES_ERROR;
				CLANG_WARN_DOCUMENTATION_COMMENTS = YES;
				CLANG_WARN_EMPTY_BODY = YES;
				CLANG_WARN_ENUM_CONVERSION = YES;
				CLANG_WARN_INFINITE_RECURSION = YES;
				CLANG_WARN_INT_CONVERSION = YES;
				CLANG_WARN_NON_LITERAL_NULL_CONVERSION = YES;
				CLANG_WARN_OBJC_IMPLICIT_RETAIN_SELF = YES;
				CLANG_WARN_OBJC_LITERAL_CONVERSION = YES;
				CLANG_WARN_OBJC_ROOT_CLASS = YES_ERROR;
				CLANG_WARN_QUOTED_INCLUDE_IN_FRAMEWORK_HEADER = YES;
				CLANG_WARN_RANGE_LOOP_ANALYSIS = YES;
				CLANG_WARN_STRICT_PROTOTYPES = YES;
				CLANG_WARN_SUSPICIOUS_MOVE = YES;
				CLANG_WARN_UNGUARDED_AVAILABILITY = YES_AGGRESSIVE;
				CLANG_WARN_UNREACHABLE_CODE = YES;
				CLANG_WARN__DUPLICATE_METHOD_MATCH = YES;
				COPY_PHASE_STRIP = NO;
				DEBUG_INFORMATION_FORMAT = "dwarf-with-dsym";
				ENABLE_NS_ASSERTIONS = NO;
				ENABLE_STRICT_OBJC_MSGSEND = YES;
				ENABLE_USER_SCRIPT_SANDBOXING = YES;
				GCC_C_LANGUAGE_STANDARD = gnu17;
				GCC_NO_COMMON_BLOCKS = YES;
				GCC_WARN_64_TO_32_BIT_CONVERSION = YES;
				GCC_WARN_ABOUT_RETURN_TYPE = YES_ERROR;
				GCC_WARN_UNDECLARED_SELECTOR = YES;
				GCC_WARN_UNINITIALIZED_AUTOS = YES_AGGRESSIVE;
				GCC_WARN_UNUSED_FUNCTION = YES;
				GCC_WARN_UNUSED_VARIABLE = YES;
				IPHONEOS_DEPLOYMENT_TARGET = 17.4;
				LOCALIZATION_PREFERS_STRING_CATALOGS = YES;
				MTL_ENABLE_DEBUG_INFO = NO;
				MTL_FAST_MATH = YES;
				SDKROOT = iphoneos;
				SWIFT_COMPILATION_MODE = wholemodule;
				VALIDATE_PRODUCT = YES;
			};
			name = Release;
		};
		DBEBA1302BB432C80003A6E0 /* Debug */ = {
			isa = XCBuildConfiguration;
			buildSettings = {
				ASSETCATALOG_COMPILER_APPICON_NAME = AppIcon;
				ASSETCATALOG_COMPILER_GLOBAL_ACCENT_COLOR_NAME = AccentColor;
				CODE_SIGN_STYLE = Automatic;
				CURRENT_PROJECT_VERSION = 1;
				DEVELOPMENT_TEAM = SUZFV58S8B;
				GENERATE_INFOPLIST_FILE = YES;
				INFOPLIST_FILE = RxSwiftPractice/Info.plist;
				INFOPLIST_KEY_UIApplicationSupportsIndirectInputEvents = YES;
				INFOPLIST_KEY_UILaunchStoryboardName = LaunchScreen;
				INFOPLIST_KEY_UIMainStoryboardFile = "";
				INFOPLIST_KEY_UISupportedInterfaceOrientations = UIInterfaceOrientationPortrait;
				INFOPLIST_KEY_UISupportedInterfaceOrientations_iPad = "UIInterfaceOrientationLandscapeLeft UIInterfaceOrientationLandscapeRight UIInterfaceOrientationPortrait UIInterfaceOrientationPortraitUpsideDown";
				LD_RUNPATH_SEARCH_PATHS = (
					"$(inherited)",
					"@executable_path/Frameworks",
				);
				MARKETING_VERSION = 1.0;
				PRODUCT_BUNDLE_IDENTIFIER = com.jinoo.RxSwiftPractice;
				PRODUCT_NAME = "$(TARGET_NAME)";
				SUPPORTED_PLATFORMS = "iphoneos iphonesimulator";
				SUPPORTS_MACCATALYST = NO;
				SUPPORTS_MAC_DESIGNED_FOR_IPHONE_IPAD = NO;
				SUPPORTS_XR_DESIGNED_FOR_IPHONE_IPAD = NO;
				SWIFT_EMIT_LOC_STRINGS = YES;
				SWIFT_VERSION = 5.0;
				TARGETED_DEVICE_FAMILY = 1;
			};
			name = Debug;
		};
		DBEBA1312BB432C80003A6E0 /* Release */ = {
			isa = XCBuildConfiguration;
			buildSettings = {
				ASSETCATALOG_COMPILER_APPICON_NAME = AppIcon;
				ASSETCATALOG_COMPILER_GLOBAL_ACCENT_COLOR_NAME = AccentColor;
				CODE_SIGN_STYLE = Automatic;
				CURRENT_PROJECT_VERSION = 1;
				DEVELOPMENT_TEAM = SUZFV58S8B;
				GENERATE_INFOPLIST_FILE = YES;
				INFOPLIST_FILE = RxSwiftPractice/Info.plist;
				INFOPLIST_KEY_UIApplicationSupportsIndirectInputEvents = YES;
				INFOPLIST_KEY_UILaunchStoryboardName = LaunchScreen;
				INFOPLIST_KEY_UIMainStoryboardFile = "";
				INFOPLIST_KEY_UISupportedInterfaceOrientations = UIInterfaceOrientationPortrait;
				INFOPLIST_KEY_UISupportedInterfaceOrientations_iPad = "UIInterfaceOrientationLandscapeLeft UIInterfaceOrientationLandscapeRight UIInterfaceOrientationPortrait UIInterfaceOrientationPortraitUpsideDown";
				LD_RUNPATH_SEARCH_PATHS = (
					"$(inherited)",
					"@executable_path/Frameworks",
				);
				MARKETING_VERSION = 1.0;
				PRODUCT_BUNDLE_IDENTIFIER = com.jinoo.RxSwiftPractice;
				PRODUCT_NAME = "$(TARGET_NAME)";
				SUPPORTED_PLATFORMS = "iphoneos iphonesimulator";
				SUPPORTS_MACCATALYST = NO;
				SUPPORTS_MAC_DESIGNED_FOR_IPHONE_IPAD = NO;
				SUPPORTS_XR_DESIGNED_FOR_IPHONE_IPAD = NO;
				SWIFT_EMIT_LOC_STRINGS = YES;
				SWIFT_VERSION = 5.0;
				TARGETED_DEVICE_FAMILY = 1;
			};
			name = Release;
		};
/* End XCBuildConfiguration section */

/* Begin XCConfigurationList section */
		DBEBA1162BB432C70003A6E0 /* Build configuration list for PBXProject "RxSwiftPractice" */ = {
			isa = XCConfigurationList;
			buildConfigurations = (
				DBEBA12D2BB432C80003A6E0 /* Debug */,
				DBEBA12E2BB432C80003A6E0 /* Release */,
			);
			defaultConfigurationIsVisible = 0;
			defaultConfigurationName = Release;
		};
		DBEBA12F2BB432C80003A6E0 /* Build configuration list for PBXNativeTarget "RxSwiftPractice" */ = {
			isa = XCConfigurationList;
			buildConfigurations = (
				DBEBA1302BB432C80003A6E0 /* Debug */,
				DBEBA1312BB432C80003A6E0 /* Release */,
			);
			defaultConfigurationIsVisible = 0;
			defaultConfigurationName = Release;
		};
/* End XCConfigurationList section */

/* Begin XCRemoteSwiftPackageReference section */
		DBEBA1352BB439170003A6E0 /* XCRemoteSwiftPackageReference "RxSwift" */ = {
			isa = XCRemoteSwiftPackageReference;
			repositoryURL = "https://github.com/ReactiveX/RxSwift";
			requirement = {
				kind = upToNextMajorVersion;
				minimumVersion = 6.6.0;
			};
		};
		DBEBA13A2BB4392B0003A6E0 /* XCRemoteSwiftPackageReference "SnapKit" */ = {
			isa = XCRemoteSwiftPackageReference;
			repositoryURL = "https://github.com/SnapKit/SnapKit";
			requirement = {
				kind = upToNextMajorVersion;
				minimumVersion = 5.7.1;
			};
		};
		DBEBA13D2BB439A50003A6E0 /* XCRemoteSwiftPackageReference "Then" */ = {
			isa = XCRemoteSwiftPackageReference;
			repositoryURL = "https://github.com/devxoul/Then";
			requirement = {
				kind = upToNextMajorVersion;
				minimumVersion = 3.0.0;
			};
		};
/* End XCRemoteSwiftPackageReference section */

/* Begin XCSwiftPackageProductDependency section */
		DBEBA1362BB439170003A6E0 /* RxCocoa */ = {
			isa = XCSwiftPackageProductDependency;
			package = DBEBA1352BB439170003A6E0 /* XCRemoteSwiftPackageReference "RxSwift" */;
			productName = RxCocoa;
		};
		DBEBA1382BB439170003A6E0 /* RxSwift */ = {
			isa = XCSwiftPackageProductDependency;
			package = DBEBA1352BB439170003A6E0 /* XCRemoteSwiftPackageReference "RxSwift" */;
			productName = RxSwift;
		};
		DBEBA13B2BB4392B0003A6E0 /* SnapKit */ = {
			isa = XCSwiftPackageProductDependency;
			package = DBEBA13A2BB4392B0003A6E0 /* XCRemoteSwiftPackageReference "SnapKit" */;
			productName = SnapKit;
		};
		DBEBA13E2BB439A50003A6E0 /* Then */ = {
			isa = XCSwiftPackageProductDependency;
			package = DBEBA13D2BB439A50003A6E0 /* XCRemoteSwiftPackageReference "Then" */;
			productName = Then;
		};
/* End XCSwiftPackageProductDependency section */
	};
	rootObject = DBEBA1132BB432C70003A6E0 /* Project object */;
}
